
Microsoft Visual Studio Solution File, Format Version 12.00
# Visual Studio Version 17
VisualStudioVersion = 17.1.32421.90
MinimumVisualStudioVersion = 10.0.40219.1
Project("{2150E333-8FDC-42A3-9474-1A3956D46DE8}") = "src", "src", "{A0CE25B6-9012-4854-AE4F-BE9CFEB06287}"
EndProject
Project("{9A19103F-16F7-4668-BE54-9A1E7A4F7556}") = "CarSharing", "src\CarSharing\CarSharing.csproj", "{D8396ECB-A9F4-4E35-B93D-D93E36B12147}"
EndProject
Project("{9A19103F-16F7-4668-BE54-9A1E7A4F7556}") = "CarSharing.BookApi", "src\CarSharing.BookApi\CarSharing.BookApi.csproj", "{9FB6ADA8-3A4A-4F45-B346-72AE58DB60E5}"
EndProject
Project("{9A19103F-16F7-4668-BE54-9A1E7A4F7556}") = "CarSharing.CarApi", "src\CarSharing.CarApi\CarSharing.CarApi.csproj", "{9C4C4567-66F0-4D7C-B633-5C2E05E70713}"
EndProject
Project("{9A19103F-16F7-4668-BE54-9A1E7A4F7556}") = "CarSharing.DataLayer", "src\CarSharing.DataLayer\CarSharing.DataLayer.csproj", "{35327338-DC12-403D-AD24-54F2FA0C8604}"
EndProject
Project("{9A19103F-16F7-4668-BE54-9A1E7A4F7556}") = "CarSharing.EmployeeApi", "src\CarSharing.EmployeeApi\CarSharing.EmployeeApi.csproj", "{1958202E-4F35-40B2-AFA6-ACCB6C98AD11}"
EndProject
Project("{9A19103F-16F7-4668-BE54-9A1E7A4F7556}") = "CarSharing.Entities", "src\CarSharing.Entities\CarSharing.Entities.csproj", "{AF35F189-ECBB-48CE-AE0B-E61AC2F76F4F}"
EndProject
Project("{9A19103F-16F7-4668-BE54-9A1E7A4F7556}") = "CarSharing.OrderApi", "src\CarSharing.OrderApi\CarSharing.OrderApi.csproj", "{F403D3E2-91E2-4315-B58F-2BC17CD03262}"
EndProject
Global
	GlobalSection(SolutionConfigurationPlatforms) = preSolution
		Debug|Any CPU = Debug|Any CPU
		Release|Any CPU = Release|Any CPU
	EndGlobalSection
	GlobalSection(ProjectConfigurationPlatforms) = postSolution
		{D8396ECB-A9F4-4E35-B93D-D93E36B12147}.Debug|Any CPU.ActiveCfg = Debug|Any CPU
		{D8396ECB-A9F4-4E35-B93D-D93E36B12147}.Debug|Any CPU.Build.0 = Debug|Any CPU
		{D8396ECB-A9F4-4E35-B93D-D93E36B12147}.Release|Any CPU.ActiveCfg = Release|Any CPU
		{D8396ECB-A9F4-4E35-B93D-D93E36B12147}.Release|Any CPU.Build.0 = Release|Any CPU
		{9FB6ADA8-3A4A-4F45-B346-72AE58DB60E5}.Debug|Any CPU.ActiveCfg = Debug|Any CPU
		{9FB6ADA8-3A4A-4F45-B346-72AE58DB60E5}.Debug|Any CPU.Build.0 = Debug|Any CPU
		{9FB6ADA8-3A4A-4F45-B346-72AE58DB60E5}.Release|Any CPU.ActiveCfg = Release|Any CPU
		{9FB6ADA8-3A4A-4F45-B346-72AE58DB60E5}.Release|Any CPU.Build.0 = Release|Any CPU
		{9C4C4567-66F0-4D7C-B633-5C2E05E70713}.Debug|Any CPU.ActiveCfg = Debug|Any CPU
		{9C4C4567-66F0-4D7C-B633-5C2E05E70713}.Debug|Any CPU.Build.0 = Debug|Any CPU
		{9C4C4567-66F0-4D7C-B633-5C2E05E70713}.Release|Any CPU.ActiveCfg = Release|Any CPU
		{9C4C4567-66F0-4D7C-B633-5C2E05E70713}.Release|Any CPU.Build.0 = Release|Any CPU
		{35327338-DC12-403D-AD24-54F2FA0C8604}.Debug|Any CPU.ActiveCfg = Debug|Any CPU
		{35327338-DC12-403D-AD24-54F2FA0C8604}.Debug|Any CPU.Build.0 = Debug|Any CPU
		{35327338-DC12-403D-AD24-54F2FA0C8604}.Release|Any CPU.ActiveCfg = Release|Any CPU
		{35327338-DC12-403D-AD24-54F2FA0C8604}.Release|Any CPU.Build.0 = Release|Any CPU
		{1958202E-4F35-40B2-AFA6-ACCB6C98AD11}.Debug|Any CPU.ActiveCfg = Debug|Any CPU
		{1958202E-4F35-40B2-AFA6-ACCB6C98AD11}.Debug|Any CPU.Build.0 = Debug|Any CPU
		{1958202E-4F35-40B2-AFA6-ACCB6C98AD11}.Release|Any CPU.ActiveCfg = Release|Any CPU
		{1958202E-4F35-40B2-AFA6-ACCB6C98AD11}.Release|Any CPU.Build.0 = Release|Any CPU
		{AF35F189-ECBB-48CE-AE0B-E61AC2F76F4F}.Debug|Any CPU.ActiveCfg = Debug|Any CPU
		{AF35F189-ECBB-48CE-AE0B-E61AC2F76F4F}.Debug|Any CPU.Build.0 = Debug|Any CPU
		{AF35F189-ECBB-48CE-AE0B-E61AC2F76F4F}.Release|Any CPU.ActiveCfg = Release|Any CPU
		{AF35F189-ECBB-48CE-AE0B-E61AC2F76F4F}.Release|Any CPU.Build.0 = Release|Any CPU
		{F403D3E2-91E2-4315-B58F-2BC17CD03262}.Debug|Any CPU.ActiveCfg = Debug|Any CPU
		{F403D3E2-91E2-4315-B58F-2BC17CD03262}.Debug|Any CPU.Build.0 = Debug|Any CPU
		{F403D3E2-91E2-4315-B58F-2BC17CD03262}.Release|Any CPU.ActiveCfg = Release|Any CPU
		{F403D3E2-91E2-4315-B58F-2BC17CD03262}.Release|Any CPU.Build.0 = Release|Any CPU
	EndGlobalSection
	GlobalSection(SolutionProperties) = preSolution
		HideSolutionNode = FALSE
	EndGlobalSection
	GlobalSection(NestedProjects) = preSolution
		{D8396ECB-A9F4-4E35-B93D-D93E36B12147} = {A0CE25B6-9012-4854-AE4F-BE9CFEB06287}
		{9FB6ADA8-3A4A-4F45-B346-72AE58DB60E5} = {A0CE25B6-9012-4854-AE4F-BE9CFEB06287}
		{9C4C4567-66F0-4D7C-B633-5C2E05E70713} = {A0CE25B6-9012-4854-AE4F-BE9CFEB06287}
		{35327338-DC12-403D-AD24-54F2FA0C8604} = {A0CE25B6-9012-4854-AE4F-BE9CFEB06287}
		{1958202E-4F35-40B2-AFA6-ACCB6C98AD11} = {A0CE25B6-9012-4854-AE4F-BE9CFEB06287}
		{AF35F189-ECBB-48CE-AE0B-E61AC2F76F4F} = {A0CE25B6-9012-4854-AE4F-BE9CFEB06287}
		{F403D3E2-91E2-4315-B58F-2BC17CD03262} = {A0CE25B6-9012-4854-AE4F-BE9CFEB06287}
	EndGlobalSection
	GlobalSection(ExtensibilityGlobals) = postSolution
		SolutionGuid = {0FAA9D69-3062-41E4-8DD8-7BAB6039D266}
	EndGlobalSection
EndGlobal
